# generated by rye
# use `rye lock` or `rye sync` to update this lockfile
#
# last locked with the following flags:
#   pre: false
#   features: []
#   all-features: false
#   with-sources: false
#   generate-hashes: false

-e file:.
deepdiff==7.0.1
holidays==0.50
    # via python-practice
iniconfig==2.0.0
    # via pytest
jsondiff==2.0.0
numpy==1.26.4
    # via pandas
ordered-set==4.1.0
    # via deepdiff
packaging==24.1
    # via pytest
pandas==2.2.2
    # via python-practice
pluggy==1.5.0
    # via pytest
pytest==8.2.2
python-dateutil==2.9.0.post0
    # via holidays
    # via pandas
pytz==2024.1
    # via pandas
six==1.16.0
    # via python-dateutil
tzdata==2024.1
    # via pandas
